// !$*UTF8*$!
{
	archiveVersion = 1;
	classes = {
	};
	objectVersion = 46;
	objects = {

/* Begin PBXBuildFile section */
		846BBB481F1DDC9F00311C22 /* main.m in Sources */ = {isa = PBXBuildFile; fileRef = 846BBB471F1DDC9F00311C22 /* main.m */; };
		846BBB4B1F1DDC9F00311C22 /* AppDelegate.m in Sources */ = {isa = PBXBuildFile; fileRef = 846BBB4A1F1DDC9F00311C22 /* AppDelegate.m */; };
		846BBB4E1F1DDC9F00311C22 /* ViewController.m in Sources */ = {isa = PBXBuildFile; fileRef = 846BBB4D1F1DDC9F00311C22 /* ViewController.m */; };
		846BBB511F1DDC9F00311C22 /* Main.storyboard in Resources */ = {isa = PBXBuildFile; fileRef = 846BBB4F1F1DDC9F00311C22 /* Main.storyboard */; };
		846BBB531F1DDC9F00311C22 /* Assets.xcassets in Resources */ = {isa = PBXBuildFile; fileRef = 846BBB521F1DDC9F00311C22 /* Assets.xcassets */; };
		846BBB561F1DDC9F00311C22 /* LaunchScreen.storyboard in Resources */ = {isa = PBXBuildFile; fileRef = 846BBB541F1DDC9F00311C22 /* LaunchScreen.storyboard */; };
		846BBB611F1DDCA000311C22 /* ios_budejieUITests.m in Sources */ = {isa = PBXBuildFile; fileRef = 846BBB601F1DDCA000311C22 /* ios_budejieUITests.m */; };
/* End PBXBuildFile section */

/* Begin PBXContainerItemProxy section */
		846BBB5D1F1DDCA000311C22 /* PBXContainerItemProxy */ = {
			isa = PBXContainerItemProxy;
			containerPortal = 846BBB3B1F1DDC9F00311C22 /* Project object */;
			proxyType = 1;
			remoteGlobalIDString = 846BBB421F1DDC9F00311C22;
			remoteInfo = "ios-budejie";
		};
/* End PBXContainerItemProxy section */

/* Begin PBXFileReference section */
		846BBB431F1DDC9F00311C22 /* ios-budejie.app */ = {isa = PBXFileReference; explicitFileType = wrapper.application; includeInIndex = 0; path = "ios-budejie.app"; sourceTree = BUILT_PRODUCTS_DIR; };
		846BBB471F1DDC9F00311C22 /* main.m */ = {isa = PBXFileReference; lastKnownFileType = sourcecode.c.objc; path = main.m; sourceTree = "<group>"; };
		846BBB491F1DDC9F00311C22 /* AppDelegate.h */ = {isa = PBXFileReference; lastKnownFileType = sourcecode.c.h; path = AppDelegate.h; sourceTree = "<group>"; };
		846BBB4A1F1DDC9F00311C22 /* AppDelegate.m */ = {isa = PBXFileReference; lastKnownFileType = sourcecode.c.objc; path = AppDelegate.m; sourceTree = "<group>"; };
		846BBB4C1F1DDC9F00311C22 /* ViewController.h */ = {isa = PBXFileReference; lastKnownFileType = sourcecode.c.h; path = ViewController.h; sourceTree = "<group>"; };
		846BBB4D1F1DDC9F00311C22 /* ViewController.m */ = {isa = PBXFileReference; lastKnownFileType = sourcecode.c.objc; path = ViewController.m; sourceTree = "<group>"; };
		846BBB501F1DDC9F00311C22 /* Base */ = {isa = PBXFileReference; lastKnownFileType = file.storyboard; name = Base; path = Base.lproj/Main.storyboard; sourceTree = "<group>"; };
		846BBB521F1DDC9F00311C22 /* Assets.xcassets */ = {isa = PBXFileReference; lastKnownFileType = folder.assetcatalog; path = Assets.xcassets; sourceTree = "<group>"; };
		846BBB551F1DDC9F00311C22 /* Base */ = {isa = PBXFileReference; lastKnownFileType = file.storyboard; name = Base; path = Base.lproj/LaunchScreen.storyboard; sourceTree = "<group>"; };
		846BBB571F1DDC9F00311C22 /* Info.plist */ = {isa = PBXFileReference; lastKnownFileType = text.plist.xml; path = Info.plist; sourceTree = "<group>"; };
		846BBB5C1F1DDCA000311C22 /* ios-budejieUITests.xctest */ = {isa = PBXFileReference; explicitFileType = wrapper.cfbundle; includeInIndex = 0; path = "ios-budejieUITests.xctest"; sourceTree = BUILT_PRODUCTS_DIR; };
		846BBB601F1DDCA000311C22 /* ios_budejieUITests.m */ = {isa = PBXFileReference; lastKnownFileType = sourcecode.c.objc; path = ios_budejieUITests.m; sourceTree = "<group>"; };
		846BBB621F1DDCA000311C22 /* Info.plist */ = {isa = PBXFileReference; lastKnownFileType = text.plist.xml; path = Info.plist; sourceTree = "<group>"; };
/* End PBXFileReference section */

/* Begin PBXFrameworksBuildPhase section */
		846BBB401F1DDC9F00311C22 /* Frameworks */ = {
			isa = PBXFrameworksBuildPhase;
			buildActionMask = 2147483647;
			files = (
			);
			runOnlyForDeploymentPostprocessing = 0;
		};
		846BBB591F1DDCA000311C22 /* Frameworks */ = {
			isa = PBXFrameworksBuildPhase;
			buildActionMask = 2147483647;
			files = (
			);
			runOnlyForDeploymentPostprocessing = 0;
		};
/* End PBXFrameworksBuildPhase section */

/* Begin PBXGroup section */
		846BBB3A1F1DDC9F00311C22 = {
			isa = PBXGroup;
			children = (
				846BBB451F1DDC9F00311C22 /* ios-budejie */,
				846BBB5F1F1DDCA000311C22 /* ios-budejieUITests */,
				846BBB441F1DDC9F00311C22 /* Products */,
			);
			sourceTree = "<group>";
		};
		846BBB441F1DDC9F00311C22 /* Products */ = {
			isa = PBXGroup;
			children = (
				846BBB431F1DDC9F00311C22 /* ios-budejie.app */,
				846BBB5C1F1DDCA000311C22 /* ios-budejieUITests.xctest */,
			);
			name = Products;
			sourceTree = "<group>";
		};
		846BBB451F1DDC9F00311C22 /* ios-budejie */ = {
			isa = PBXGroup;
			children = (
				846BBB491F1DDC9F00311C22 /* AppDelegate.h */,
				846BBB4A1F1DDC9F00311C22 /* AppDelegate.m */,
				846BBB4C1F1DDC9F00311C22 /* ViewController.h */,
				846BBB4D1F1DDC9F00311C22 /* ViewController.m */,
				846BBB4F1F1DDC9F00311C22 /* Main.storyboard */,
				846BBB521F1DDC9F00311C22 /* Assets.xcassets */,
				846BBB541F1DDC9F00311C22 /* LaunchScreen.storyboard */,
				846BBB571F1DDC9F00311C22 /* Info.plist */,
				846BBB461F1DDC9F00311C22 /* Supporting Files */,
			);
			path = "ios-budejie";
			sourceTree = "<group>";
		};
		846BBB461F1DDC9F00311C22 /* Supporting Files */ = {
			isa = PBXGroup;
			children = (
				846BBB471F1DDC9F00311C22 /* main.m */,
			);
			name = "Supporting Files";
			sourceTree = "<group>";
		};
		846BBB5F1F1DDCA000311C22 /* ios-budejieUITests */ = {
			isa = PBXGroup;
			children = (
				846BBB601F1DDCA000311C22 /* ios_budejieUITests.m */,
				846BBB621F1DDCA000311C22 /* Info.plist */,
			);
			path = "ios-budejieUITests";
			sourceTree = "<group>";
		};
/* End PBXGroup section */

/* Begin PBXNativeTarget section */
		846BBB421F1DDC9F00311C22 /* ios-budejie */ = {
			isa = PBXNativeTarget;
			buildConfigurationList = 846BBB651F1DDCA000311C22 /* Build configuration list for PBXNativeTarget "ios-budejie" */;
			buildPhases = (
				846BBB3F1F1DDC9F00311C22 /* Sources */,
				846BBB401F1DDC9F00311C22 /* Frameworks */,
				846BBB411F1DDC9F00311C22 /* Resources */,
			);
			buildRules = (
			);
			dependencies = (
			);
			name = "ios-budejie";
			productName = "ios-budejie";
			productReference = 846BBB431F1DDC9F00311C22 /* ios-budejie.app */;
			productType = "com.apple.product-type.application";
		};
		846BBB5B1F1DDCA000311C22 /* ios-budejieUITests */ = {
			isa = PBXNativeTarget;
			buildConfigurationList = 846BBB681F1DDCA000311C22 /* Build configuration list for PBXNativeTarget "ios-budejieUITests" */;
			buildPhases = (
				846BBB581F1DDCA000311C22 /* Sources */,
				846BBB591F1DDCA000311C22 /* Frameworks */,
				846BBB5A1F1DDCA000311C22 /* Resources */,
			);
			buildRules = (
			);
			dependencies = (
				846BBB5E1F1DDCA000311C22 /* PBXTargetDependency */,
			);
			name = "ios-budejieUITests";
			productName = "ios-budejieUITests";
			productReference = 846BBB5C1F1DDCA000311C22 /* ios-budejieUITests.xctest */;
			productType = "com.apple.product-type.bundle.ui-testing";
		};
/* End PBXNativeTarget section */

/* Begin PBXProject section */
		846BBB3B1F1DDC9F00311C22 /* Project object */ = {
			isa = PBXProject;
			attributes = {
				LastUpgradeCheck = 0830;
				ORGANIZATIONNAME = admin;
				TargetAttributes = {
					846BBB421F1DDC9F00311C22 = {
						CreatedOnToolsVersion = 8.3.3;
						DevelopmentTeam = X6Q9Y9GBJ2;
						ProvisioningStyle = Automatic;
					};
					846BBB5B1F1DDCA000311C22 = {
						CreatedOnToolsVersion = 8.3.3;
						DevelopmentTeam = X6Q9Y9GBJ2;
						ProvisioningStyle = Automatic;
						TestTargetID = 846BBB421F1DDC9F00311C22;
					};
				};
			};
			buildConfigurationList = 846BBB3E1F1DDC9F00311C22 /* Build configuration list for PBXProject "ios-budejie" */;
			compatibilityVersion = "Xcode 3.2";
			developmentRegion = English;
			hasScannedForEncodings = 0;
			knownRegions = (
				en,
				Base,
			);
			mainGroup = 846BBB3A1F1DDC9F00311C22;
			productRefGroup = 846BBB441F1DDC9F00311C22 /* Products */;
			projectDirPath = "";
			projectRoot = "";
			targets = (
				846BBB421F1DDC9F00311C22 /* ios-budejie */,
				846BBB5B1F1DDCA000311C22 /* ios-budejieUITests */,
			);
		};
/* End PBXProject section */

/* Begin PBXResourcesBuildPhase section */
		846BBB411F1DDC9F00311C22 /* Resources */ = {
			isa = PBXResourcesBuildPhase;
			buildActionMask = 2147483647;
			files = (
				846BBB561F1DDC9F00311C22 /* LaunchScreen.storyboard in Resources */,
				846BBB531F1DDC9F00311C22 /* Assets.xcassets in Resources */,
				846BBB511F1DDC9F00311C22 /* Main.storyboard in Resources */,
			);
			runOnlyForDeploymentPostprocessing = 0;
		};
		846BBB5A1F1DDCA000311C22 /* Resources */ = {
			isa = PBXResourcesBuildPhase;
			buildActionMask = 2147483647;
			files = (
			);
			runOnlyForDeploymentPostprocessing = 0;
		};
/* End PBXResourcesBuildPhase section */

/* Begin PBXSourcesBuildPhase section */
		846BBB3F1F1DDC9F00311C22 /* Sources */ = {
			isa = PBXSourcesBuildPhase;
			buildActionMask = 2147483647;
			files = (
				846BBB4E1F1DDC9F00311C22 /* ViewController.m in Sources */,
				846BBB4B1F1DDC9F00311C22 /* AppDelegate.m in Sources */,
				846BBB481F1DDC9F00311C22 /* main.m in Sources */,
			);
			runOnlyForDeploymentPostprocessing = 0;
		};
		846BBB581F1DDCA000311C22 /* Sources */ = {
			isa = PBXSourcesBuildPhase;
			buildActionMask = 2147483647;
			files = (
				846BBB611F1DDCA000311C22 /* ios_budejieUITests.m in Sources */,
			);
			runOnlyForDeploymentPostprocessing = 0;
		};
/* End PBXSourcesBuildPhase section */

/* Begin PBXTargetDependency section */
		846BBB5E1F1DDCA000311C22 /* PBXTargetDependency */ = {
			isa = PBXTargetDependency;
			target = 846BBB421F1DDC9F00311C22 /* ios-budejie */;
			targetProxy = 846BBB5D1F1DDCA000311C22 /* PBXContainerItemProxy */;
		};
/* End PBXTargetDependency section */

/* Begin PBXVariantGroup section */
		846BBB4F1F1DDC9F00311C22 /* Main.storyboard */ = {
			isa = PBXVariantGroup;
			children = (
				846BBB501F1DDC9F00311C22 /* Base */,
			);
			name = Main.storyboard;
			sourceTree = "<group>";
		};
		846BBB541F1DDC9F00311C22 /* LaunchScreen.storyboard */ = {
			isa = PBXVariantGroup;
			children = (
				846BBB551F1DDC9F00311C22 /* Base */,
			);
			name = LaunchScreen.storyboard;
			sourceTree = "<group>";
		};
/* End PBXVariantGroup section */

/* Begin XCBuildConfiguration section */
		846BBB631F1DDCA000311C22 /* Debug */ = {
			isa = XCBuildConfiguration;
			buildSettings = {
				ALWAYS_SEARCH_USER_PATHS = NO;
				CLANG_ANALYZER_NONNULL = YES;
				CLANG_ANALYZER_NUMBER_OBJECT_CONVERSION = YES_AGGRESSIVE;
				CLANG_CXX_LANGUAGE_STANDARD = "gnu++0x";
				CLANG_CXX_LIBRARY = "libc++";
				CLANG_ENABLE_MODULES = YES;
				CLANG_ENABLE_OBJC_ARC = YES;
				CLANG_WARN_BOOL_CONVERSION = YES;
				CLANG_WARN_CONSTANT_CONVERSION = YES;
				CLANG_WARN_DIRECT_OBJC_ISA_USAGE = YES_ERROR;
				CLANG_WARN_DOCUMENTATION_COMMENTS = YES;
				CLANG_WARN_EMPTY_BODY = YES;
				CLANG_WARN_ENUM_CONVERSION = YES;
				CLANG_WARN_INFINITE_RECURSION = YES;
				CLANG_WARN_INT_CONVERSION = YES;
				CLANG_WARN_OBJC_ROOT_CLASS = YES_ERROR;
				CLANG_WARN_SUSPICIOUS_MOVE = YES;
				CLANG_WARN_UNREACHABLE_CODE = YES;
				CLANG_WARN__DUPLICATE_METHOD_MATCH = YES;
				"CODE_SIGN_IDENTITY[sdk=iphoneos*]" = "iPhone Developer";
				COPY_PHASE_STRIP = NO;
				DEBUG_INFORMATION_FORMAT = dwarf;
				ENABLE_STRICT_OBJC_MSGSEND = YES;
				ENABLE_TESTABILITY = YES;
				GCC_C_LANGUAGE_STANDARD = gnu99;
				GCC_DYNAMIC_NO_PIC = NO;
				GCC_NO_COMMON_BLOCKS = YES;
				GCC_OPTIMIZATION_LEVEL = 0;
				GCC_PREPROCESSOR_DEFINITIONS = (
					"DEBUG=1",
					"$(inherited)",
				);
				GCC_WARN_64_TO_32_BIT_CONVERSION = YES;
				GCC_WARN_ABOUT_RETURN_TYPE = YES_ERROR;
				GCC_WARN_UNDECLARED_SELECTOR = YES;
				GCC_WARN_UNINITIALIZED_AUTOS = YES_AGGRESSIVE;
				GCC_WARN_UNUSED_FUNCTION = YES;
				GCC_WARN_UNUSED_VARIABLE = YES;
				IPHONEOS_DEPLOYMENT_TARGET = 10.3;
				MTL_ENABLE_DEBUG_INFO = YES;
				ONLY_ACTIVE_ARCH = YES;
				SDKROOT = iphoneos;
			};
			name = Debug;
		};
		846BBB641F1DDCA000311C22 /* Release */ = {
			isa = XCBuildConfiguration;
			buildSettings = {
				ALWAYS_SEARCH_USER_PATHS = NO;
				CLANG_ANALYZER_NONNULL = YES;
				CLANG_ANALYZER_NUMBER_OBJECT_CONVERSION = YES_AGGRESSIVE;
				CLANG_CXX_LANGUAGE_STANDARD = "gnu++0x";
				CLANG_CXX_LIBRARY = "libc++";
				CLANG_ENABLE_MODULES = YES;
				CLANG_ENABLE_OBJC_ARC = YES;
				CLANG_WARN_BOOL_CONVERSION = YES;
				CLANG_WARN_CONSTANT_CONVERSION = YES;
				CLANG_WARN_DIRECT_OBJC_ISA_USAGE = YES_ERROR;
				CLANG_WARN_DOCUMENTATION_COMMENTS = YES;
				CLANG_WARN_EMPTY_BODY = YES;
				CLANG_WARN_ENUM_CONVERSION = YES;
				CLANG_WARN_INFINITE_RECURSION = YES;
				CLANG_WARN_INT_CONVERSION = YES;
				CLANG_WARN_OBJC_ROOT_CLASS = YES_ERROR;
				CLANG_WARN_SUSPICIOUS_MOVE = YES;
				CLANG_WARN_UNREACHABLE_CODE = YES;
				CLANG_WARN__DUPLICATE_METHOD_MATCH = YES;
				"CODE_SIGN_IDENTITY[sdk=iphoneos*]" = "iPhone Developer";
				COPY_PHASE_STRIP = NO;
				DEBUG_INFORMATION_FORMAT = "dwarf-with-dsym";
				ENABLE_NS_ASSERTIONS = NO;
				ENABLE_STRICT_OBJC_MSGSEND = YES;
				GCC_C_LANGUAGE_STANDARD = gnu99;
				GCC_NO_COMMON_BLOCKS = YES;
				GCC_WARN_64_TO_32_BIT_CONVERSION = YES;
				GCC_WARN_ABOUT_RETURN_TYPE = YES_ERROR;
				GCC_WARN_UNDECLARED_SELECTOR = YES;
				GCC_WARN_UNINITIALIZED_AUTOS = YES_AGGRESSIVE;
				GCC_WARN_UNUSED_FUNCTION = YES;
				GCC_WARN_UNUSED_VARIABLE = YES;
				IPHONEOS_DEPLOYMENT_TARGET = 10.3;
				MTL_ENABLE_DEBUG_INFO = NO;
				SDKROOT = iphoneos;
				VALIDATE_PRODUCT = YES;
			};
			name = Release;
		};
		846BBB661F1DDCA000311C22 /* Debug */ = {
			isa = XCBuildConfiguration;
			buildSettings = {
				ASSETCATALOG_COMPILER_APPICON_NAME = AppIcon;
				DEVELOPMENT_TEAM = X6Q9Y9GBJ2;
				INFOPLIST_FILE = "ios-budejie/Info.plist";
				LD_RUNPATH_SEARCH_PATHS = "$(inherited) @executable_path/Frameworks";
				PRODUCT_BUNDLE_IDENTIFIER = "fei.ios-budejie";
				PRODUCT_NAME = "$(TARGET_NAME)";
			};
			name = Debug;
		};
		846BBB671F1DDCA000311C22 /* Release */ = {
			isa = XCBuildConfiguration;
			buildSettings = {
				ASSETCATALOG_COMPILER_APPICON_NAME = AppIcon;
				DEVELOPMENT_TEAM = X6Q9Y9GBJ2;
				INFOPLIST_FILE = "ios-budejie/Info.plist";
				LD_RUNPATH_SEARCH_PATHS = "$(inherited) @executable_path/Frameworks";
				PRODUCT_BUNDLE_IDENTIFIER = "fei.ios-budejie";
				PRODUCT_NAME = "$(TARGET_NAME)";
			};
			name = Release;
		};
		846BBB691F1DDCA000311C22 /* Debug */ = {
			isa = XCBuildConfiguration;
			buildSettings = {
				DEVELOPMENT_TEAM = X6Q9Y9GBJ2;
				INFOPLIST_FILE = "ios-budejieUITests/Info.plist";
				LD_RUNPATH_SEARCH_PATHS = "$(inherited) @executable_path/Frameworks @loader_path/Frameworks";
				PRODUCT_BUNDLE_IDENTIFIER = "fei.ios-budejieUITests";
				PRODUCT_NAME = "$(TARGET_NAME)";
				TEST_TARGET_NAME = "ios-budejie";
			};
			name = Debug;
		};
		846BBB6A1F1DDCA000311C22 /* Release */ = {
			isa = XCBuildConfiguration;
			buildSettings = {
				DEVELOPMENT_TEAM = X6Q9Y9GBJ2;
				INFOPLIST_FILE = "ios-budejieUITests/Info.plist";
				LD_RUNPATH_SEARCH_PATHS = "$(inherited) @executable_path/Frameworks @loader_path/Frameworks";
				PRODUCT_BUNDLE_IDENTIFIER = "fei.ios-budejieUITests";
				PRODUCT_NAME = "$(TARGET_NAME)";
				TEST_TARGET_NAME = "ios-budejie";
			};
			name = Release;
		};
/* End XCBuildConfiguration section */

/* Begin XCConfigurationList section */
		846BBB3E1F1DDC9F00311C22 /* Build configuration list for PBXProject "ios-budejie" */ = {
			isa = XCConfigurationList;
			buildConfigurations = (
				846BBB631F1DDCA000311C22 /* Debug */,
				846BBB641F1DDCA000311C22 /* Release */,
			);
			defaultConfigurationIsVisible = 0;
			defaultConfigurationName = Release;
		};
		846BBB651F1DDCA000311C22 /* Build configuration list for PBXNativeTarget "ios-budejie" */ = {
			isa = XCConfigurationList;
			buildConfigurations = (
				846BBB661F1DDCA000311C22 /* Debug */,
				846BBB671F1DDCA000311C22 /* Release */,
			);
			defaultConfigurationIsVisible = 0;
		};
		846BBB681F1DDCA000311C22 /* Build configuration list for PBXNativeTarget "ios-budejieUITests" */ = {
			isa = XCConfigurationList;
			buildConfigurations = (
				846BBB691F1DDCA000311C22 /* Debug */,
				846BBB6A1F1DDCA000311C22 /* Release */,
			);
			defaultConfigurationIsVisible = 0;
		};
/* End XCConfigurationList section */
	};
	rootObject = 846BBB3B1F1DDC9F00311C22 /* Project object */;
}
