// !$*UTF8*$!
{
	archiveVersion = 1;
	classes = {
	};
	objectVersion = 46;
	objects = {

/* Begin PBXBuildFile section */
		846BBB171F1DDB3400311C22 /* main.m in Sources */ = {isa = PBXBuildFile; fileRef = 846BBB161F1DDB3400311C22 /* main.m */; };
		846BBB1A1F1DDB3400311C22 /* AppDelegate.m in Sources */ = {isa = PBXBuildFile; fileRef = 846BBB191F1DDB3400311C22 /* AppDelegate.m */; };
		846BBB1D1F1DDB3400311C22 /* ViewController.m in Sources */ = {isa = PBXBuildFile; fileRef = 846BBB1C1F1DDB3400311C22 /* ViewController.m */; };
		846BBB201F1DDB3400311C22 /* Main.storyboard in Resources */ = {isa = PBXBuildFile; fileRef = 846BBB1E1F1DDB3400311C22 /* Main.storyboard */; };
		846BBB221F1DDB3400311C22 /* Assets.xcassets in Resources */ = {isa = PBXBuildFile; fileRef = 846BBB211F1DDB3400311C22 /* Assets.xcassets */; };
		846BBB251F1DDB3400311C22 /* LaunchScreen.storyboard in Resources */ = {isa = PBXBuildFile; fileRef = 846BBB231F1DDB3400311C22 /* LaunchScreen.storyboard */; };
		846BBB301F1DDB3400311C22 /* BudejieltfUITests.m in Sources */ = {isa = PBXBuildFile; fileRef = 846BBB2F1F1DDB3400311C22 /* BudejieltfUITests.m */; };
/* End PBXBuildFile section */

/* Begin PBXContainerItemProxy section */
		846BBB2C1F1DDB3400311C22 /* PBXContainerItemProxy */ = {
			isa = PBXContainerItemProxy;
			containerPortal = 846BBB0A1F1DDB3400311C22 /* Project object */;
			proxyType = 1;
			remoteGlobalIDString = 846BBB111F1DDB3400311C22;
			remoteInfo = Budejieltf;
		};
/* End PBXContainerItemProxy section */

/* Begin PBXFileReference section */
		846BBB121F1DDB3400311C22 /* Budejieltf.app */ = {isa = PBXFileReference; explicitFileType = wrapper.application; includeInIndex = 0; path = Budejieltf.app; sourceTree = BUILT_PRODUCTS_DIR; };
		846BBB161F1DDB3400311C22 /* main.m */ = {isa = PBXFileReference; lastKnownFileType = sourcecode.c.objc; path = main.m; sourceTree = "<group>"; };
		846BBB181F1DDB3400311C22 /* AppDelegate.h */ = {isa = PBXFileReference; lastKnownFileType = sourcecode.c.h; path = AppDelegate.h; sourceTree = "<group>"; };
		846BBB191F1DDB3400311C22 /* AppDelegate.m */ = {isa = PBXFileReference; lastKnownFileType = sourcecode.c.objc; path = AppDelegate.m; sourceTree = "<group>"; };
		846BBB1B1F1DDB3400311C22 /* ViewController.h */ = {isa = PBXFileReference; lastKnownFileType = sourcecode.c.h; path = ViewController.h; sourceTree = "<group>"; };
		846BBB1C1F1DDB3400311C22 /* ViewController.m */ = {isa = PBXFileReference; lastKnownFileType = sourcecode.c.objc; path = ViewController.m; sourceTree = "<group>"; };
		846BBB1F1F1DDB3400311C22 /* Base */ = {isa = PBXFileReference; lastKnownFileType = file.storyboard; name = Base; path = Base.lproj/Main.storyboard; sourceTree = "<group>"; };
		846BBB211F1DDB3400311C22 /* Assets.xcassets */ = {isa = PBXFileReference; lastKnownFileType = folder.assetcatalog; path = Assets.xcassets; sourceTree = "<group>"; };
		846BBB241F1DDB3400311C22 /* Base */ = {isa = PBXFileReference; lastKnownFileType = file.storyboard; name = Base; path = Base.lproj/LaunchScreen.storyboard; sourceTree = "<group>"; };
		846BBB261F1DDB3400311C22 /* Info.plist */ = {isa = PBXFileReference; lastKnownFileType = text.plist.xml; path = Info.plist; sourceTree = "<group>"; };
		846BBB2B1F1DDB3400311C22 /* BudejieltfUITests.xctest */ = {isa = PBXFileReference; explicitFileType = wrapper.cfbundle; includeInIndex = 0; path = BudejieltfUITests.xctest; sourceTree = BUILT_PRODUCTS_DIR; };
		846BBB2F1F1DDB3400311C22 /* BudejieltfUITests.m */ = {isa = PBXFileReference; lastKnownFileType = sourcecode.c.objc; path = BudejieltfUITests.m; sourceTree = "<group>"; };
		846BBB311F1DDB3400311C22 /* Info.plist */ = {isa = PBXFileReference; lastKnownFileType = text.plist.xml; path = Info.plist; sourceTree = "<group>"; };
/* End PBXFileReference section */

/* Begin PBXFrameworksBuildPhase section */
		846BBB0F1F1DDB3400311C22 /* Frameworks */ = {
			isa = PBXFrameworksBuildPhase;
			buildActionMask = 2147483647;
			files = (
			);
			runOnlyForDeploymentPostprocessing = 0;
		};
		846BBB281F1DDB3400311C22 /* Frameworks */ = {
			isa = PBXFrameworksBuildPhase;
			buildActionMask = 2147483647;
			files = (
			);
			runOnlyForDeploymentPostprocessing = 0;
		};
/* End PBXFrameworksBuildPhase section */

/* Begin PBXGroup section */
		846BBB091F1DDB3400311C22 = {
			isa = PBXGroup;
			children = (
				846BBB141F1DDB3400311C22 /* Budejieltf */,
				846BBB2E1F1DDB3400311C22 /* BudejieltfUITests */,
				846BBB131F1DDB3400311C22 /* Products */,
			);
			sourceTree = "<group>";
		};
		846BBB131F1DDB3400311C22 /* Products */ = {
			isa = PBXGroup;
			children = (
				846BBB121F1DDB3400311C22 /* Budejieltf.app */,
				846BBB2B1F1DDB3400311C22 /* BudejieltfUITests.xctest */,
			);
			name = Products;
			sourceTree = "<group>";
		};
		846BBB141F1DDB3400311C22 /* Budejieltf */ = {
			isa = PBXGroup;
			children = (
				846BBB181F1DDB3400311C22 /* AppDelegate.h */,
				846BBB191F1DDB3400311C22 /* AppDelegate.m */,
				846BBB1B1F1DDB3400311C22 /* ViewController.h */,
				846BBB1C1F1DDB3400311C22 /* ViewController.m */,
				846BBB1E1F1DDB3400311C22 /* Main.storyboard */,
				846BBB211F1DDB3400311C22 /* Assets.xcassets */,
				846BBB231F1DDB3400311C22 /* LaunchScreen.storyboard */,
				846BBB261F1DDB3400311C22 /* Info.plist */,
				846BBB151F1DDB3400311C22 /* Supporting Files */,
			);
			path = Budejieltf;
			sourceTree = "<group>";
		};
		846BBB151F1DDB3400311C22 /* Supporting Files */ = {
			isa = PBXGroup;
			children = (
				846BBB161F1DDB3400311C22 /* main.m */,
			);
			name = "Supporting Files";
			sourceTree = "<group>";
		};
		846BBB2E1F1DDB3400311C22 /* BudejieltfUITests */ = {
			isa = PBXGroup;
			children = (
				846BBB2F1F1DDB3400311C22 /* BudejieltfUITests.m */,
				846BBB311F1DDB3400311C22 /* Info.plist */,
			);
			path = BudejieltfUITests;
			sourceTree = "<group>";
		};
/* End PBXGroup section */

/* Begin PBXNativeTarget section */
		846BBB111F1DDB3400311C22 /* Budejieltf */ = {
			isa = PBXNativeTarget;
			buildConfigurationList = 846BBB341F1DDB3400311C22 /* Build configuration list for PBXNativeTarget "Budejieltf" */;
			buildPhases = (
				846BBB0E1F1DDB3400311C22 /* Sources */,
				846BBB0F1F1DDB3400311C22 /* Frameworks */,
				846BBB101F1DDB3400311C22 /* Resources */,
			);
			buildRules = (
			);
			dependencies = (
			);
			name = Budejieltf;
			productName = Budejieltf;
			productReference = 846BBB121F1DDB3400311C22 /* Budejieltf.app */;
			productType = "com.apple.product-type.application";
		};
		846BBB2A1F1DDB3400311C22 /* BudejieltfUITests */ = {
			isa = PBXNativeTarget;
			buildConfigurationList = 846BBB371F1DDB3400311C22 /* Build configuration list for PBXNativeTarget "BudejieltfUITests" */;
			buildPhases = (
				846BBB271F1DDB3400311C22 /* Sources */,
				846BBB281F1DDB3400311C22 /* Frameworks */,
				846BBB291F1DDB3400311C22 /* Resources */,
			);
			buildRules = (
			);
			dependencies = (
				846BBB2D1F1DDB3400311C22 /* PBXTargetDependency */,
			);
			name = BudejieltfUITests;
			productName = BudejieltfUITests;
			productReference = 846BBB2B1F1DDB3400311C22 /* BudejieltfUITests.xctest */;
			productType = "com.apple.product-type.bundle.ui-testing";
		};
/* End PBXNativeTarget section */

/* Begin PBXProject section */
		846BBB0A1F1DDB3400311C22 /* Project object */ = {
			isa = PBXProject;
			attributes = {
				LastUpgradeCheck = 0830;
				ORGANIZATIONNAME = admin;
				TargetAttributes = {
					846BBB111F1DDB3400311C22 = {
						CreatedOnToolsVersion = 8.3.3;
						DevelopmentTeam = X6Q9Y9GBJ2;
						ProvisioningStyle = Automatic;
					};
					846BBB2A1F1DDB3400311C22 = {
						CreatedOnToolsVersion = 8.3.3;
						DevelopmentTeam = X6Q9Y9GBJ2;
						ProvisioningStyle = Automatic;
						TestTargetID = 846BBB111F1DDB3400311C22;
					};
				};
			};
			buildConfigurationList = 846BBB0D1F1DDB3400311C22 /* Build configuration list for PBXProject "Budejieltf" */;
			compatibilityVersion = "Xcode 3.2";
			developmentRegion = English;
			hasScannedForEncodings = 0;
			knownRegions = (
				en,
				Base,
			);
			mainGroup = 846BBB091F1DDB3400311C22;
			productRefGroup = 846BBB131F1DDB3400311C22 /* Products */;
			projectDirPath = "";
			projectRoot = "";
			targets = (
				846BBB111F1DDB3400311C22 /* Budejieltf */,
				846BBB2A1F1DDB3400311C22 /* BudejieltfUITests */,
			);
		};
/* End PBXProject section */

/* Begin PBXResourcesBuildPhase section */
		846BBB101F1DDB3400311C22 /* Resources */ = {
			isa = PBXResourcesBuildPhase;
			buildActionMask = 2147483647;
			files = (
				846BBB251F1DDB3400311C22 /* LaunchScreen.storyboard in Resources */,
				846BBB221F1DDB3400311C22 /* Assets.xcassets in Resources */,
				846BBB201F1DDB3400311C22 /* Main.storyboard in Resources */,
			);
			runOnlyForDeploymentPostprocessing = 0;
		};
		846BBB291F1DDB3400311C22 /* Resources */ = {
			isa = PBXResourcesBuildPhase;
			buildActionMask = 2147483647;
			files = (
			);
			runOnlyForDeploymentPostprocessing = 0;
		};
/* End PBXResourcesBuildPhase section */

/* Begin PBXSourcesBuildPhase section */
		846BBB0E1F1DDB3400311C22 /* Sources */ = {
			isa = PBXSourcesBuildPhase;
			buildActionMask = 2147483647;
			files = (
				846BBB1D1F1DDB3400311C22 /* ViewController.m in Sources */,
				846BBB1A1F1DDB3400311C22 /* AppDelegate.m in Sources */,
				846BBB171F1DDB3400311C22 /* main.m in Sources */,
			);
			runOnlyForDeploymentPostprocessing = 0;
		};
		846BBB271F1DDB3400311C22 /* Sources */ = {
			isa = PBXSourcesBuildPhase;
			buildActionMask = 2147483647;
			files = (
				846BBB301F1DDB3400311C22 /* BudejieltfUITests.m in Sources */,
			);
			runOnlyForDeploymentPostprocessing = 0;
		};
/* End PBXSourcesBuildPhase section */

/* Begin PBXTargetDependency section */
		846BBB2D1F1DDB3400311C22 /* PBXTargetDependency */ = {
			isa = PBXTargetDependency;
			target = 846BBB111F1DDB3400311C22 /* Budejieltf */;
			targetProxy = 846BBB2C1F1DDB3400311C22 /* PBXContainerItemProxy */;
		};
/* End PBXTargetDependency section */

/* Begin PBXVariantGroup section */
		846BBB1E1F1DDB3400311C22 /* Main.storyboard */ = {
			isa = PBXVariantGroup;
			children = (
				846BBB1F1F1DDB3400311C22 /* Base */,
			);
			name = Main.storyboard;
			sourceTree = "<group>";
		};
		846BBB231F1DDB3400311C22 /* LaunchScreen.storyboard */ = {
			isa = PBXVariantGroup;
			children = (
				846BBB241F1DDB3400311C22 /* Base */,
			);
			name = LaunchScreen.storyboard;
			sourceTree = "<group>";
		};
/* End PBXVariantGroup section */

/* Begin XCBuildConfiguration section */
		846BBB321F1DDB3400311C22 /* Debug */ = {
			isa = XCBuildConfiguration;
			buildSettings = {
				ALWAYS_SEARCH_USER_PATHS = NO;
				CLANG_ANALYZER_NONNULL = YES;
				CLANG_ANALYZER_NUMBER_OBJECT_CONVERSION = YES_AGGRESSIVE;
				CLANG_CXX_LANGUAGE_STANDARD = "gnu++0x";
				CLANG_CXX_LIBRARY = "libc++";
				CLANG_ENABLE_MODULES = YES;
				CLANG_ENABLE_OBJC_ARC = YES;
				CLANG_WARN_BOOL_CONVERSION = YES;
				CLANG_WARN_CONSTANT_CONVERSION = YES;
				CLANG_WARN_DIRECT_OBJC_ISA_USAGE = YES_ERROR;
				CLANG_WARN_DOCUMENTATION_COMMENTS = YES;
				CLANG_WARN_EMPTY_BODY = YES;
				CLANG_WARN_ENUM_CONVERSION = YES;
				CLANG_WARN_INFINITE_RECURSION = YES;
				CLANG_WARN_INT_CONVERSION = YES;
				CLANG_WARN_OBJC_ROOT_CLASS = YES_ERROR;
				CLANG_WARN_SUSPICIOUS_MOVE = YES;
				CLANG_WARN_UNREACHABLE_CODE = YES;
				CLANG_WARN__DUPLICATE_METHOD_MATCH = YES;
				"CODE_SIGN_IDENTITY[sdk=iphoneos*]" = "iPhone Developer";
				COPY_PHASE_STRIP = NO;
				DEBUG_INFORMATION_FORMAT = dwarf;
				ENABLE_STRICT_OBJC_MSGSEND = YES;
				ENABLE_TESTABILITY = YES;
				GCC_C_LANGUAGE_STANDARD = gnu99;
				GCC_DYNAMIC_NO_PIC = NO;
				GCC_NO_COMMON_BLOCKS = YES;
				GCC_OPTIMIZATION_LEVEL = 0;
				GCC_PREPROCESSOR_DEFINITIONS = (
					"DEBUG=1",
					"$(inherited)",
				);
				GCC_WARN_64_TO_32_BIT_CONVERSION = YES;
				GCC_WARN_ABOUT_RETURN_TYPE = YES_ERROR;
				GCC_WARN_UNDECLARED_SELECTOR = YES;
				GCC_WARN_UNINITIALIZED_AUTOS = YES_AGGRESSIVE;
				GCC_WARN_UNUSED_FUNCTION = YES;
				GCC_WARN_UNUSED_VARIABLE = YES;
				IPHONEOS_DEPLOYMENT_TARGET = 10.3;
				MTL_ENABLE_DEBUG_INFO = YES;
				ONLY_ACTIVE_ARCH = YES;
				SDKROOT = iphoneos;
			};
			name = Debug;
		};
		846BBB331F1DDB3400311C22 /* Release */ = {
			isa = XCBuildConfiguration;
			buildSettings = {
				ALWAYS_SEARCH_USER_PATHS = NO;
				CLANG_ANALYZER_NONNULL = YES;
				CLANG_ANALYZER_NUMBER_OBJECT_CONVERSION = YES_AGGRESSIVE;
				CLANG_CXX_LANGUAGE_STANDARD = "gnu++0x";
				CLANG_CXX_LIBRARY = "libc++";
				CLANG_ENABLE_MODULES = YES;
				CLANG_ENABLE_OBJC_ARC = YES;
				CLANG_WARN_BOOL_CONVERSION = YES;
				CLANG_WARN_CONSTANT_CONVERSION = YES;
				CLANG_WARN_DIRECT_OBJC_ISA_USAGE = YES_ERROR;
				CLANG_WARN_DOCUMENTATION_COMMENTS = YES;
				CLANG_WARN_EMPTY_BODY = YES;
				CLANG_WARN_ENUM_CONVERSION = YES;
				CLANG_WARN_INFINITE_RECURSION = YES;
				CLANG_WARN_INT_CONVERSION = YES;
				CLANG_WARN_OBJC_ROOT_CLASS = YES_ERROR;
				CLANG_WARN_SUSPICIOUS_MOVE = YES;
				CLANG_WARN_UNREACHABLE_CODE = YES;
				CLANG_WARN__DUPLICATE_METHOD_MATCH = YES;
				"CODE_SIGN_IDENTITY[sdk=iphoneos*]" = "iPhone Developer";
				COPY_PHASE_STRIP = NO;
				DEBUG_INFORMATION_FORMAT = "dwarf-with-dsym";
				ENABLE_NS_ASSERTIONS = NO;
				ENABLE_STRICT_OBJC_MSGSEND = YES;
				GCC_C_LANGUAGE_STANDARD = gnu99;
				GCC_NO_COMMON_BLOCKS = YES;
				GCC_WARN_64_TO_32_BIT_CONVERSION = YES;
				GCC_WARN_ABOUT_RETURN_TYPE = YES_ERROR;
				GCC_WARN_UNDECLARED_SELECTOR = YES;
				GCC_WARN_UNINITIALIZED_AUTOS = YES_AGGRESSIVE;
				GCC_WARN_UNUSED_FUNCTION = YES;
				GCC_WARN_UNUSED_VARIABLE = YES;
				IPHONEOS_DEPLOYMENT_TARGET = 10.3;
				MTL_ENABLE_DEBUG_INFO = NO;
				SDKROOT = iphoneos;
				VALIDATE_PRODUCT = YES;
			};
			name = Release;
		};
		846BBB351F1DDB3400311C22 /* Debug */ = {
			isa = XCBuildConfiguration;
			buildSettings = {
				ASSETCATALOG_COMPILER_APPICON_NAME = AppIcon;
				DEVELOPMENT_TEAM = X6Q9Y9GBJ2;
				INFOPLIST_FILE = Budejieltf/Info.plist;
				LD_RUNPATH_SEARCH_PATHS = "$(inherited) @executable_path/Frameworks";
				PRODUCT_NAME = "$(TARGET_NAME)";
			};
			name = Debug;
		};
		846BBB361F1DDB3400311C22 /* Release */ = {
			isa = XCBuildConfiguration;
			buildSettings = {
				ASSETCATALOG_COMPILER_APPICON_NAME = AppIcon;
				DEVELOPMENT_TEAM = X6Q9Y9GBJ2;
				INFOPLIST_FILE = Budejieltf/Info.plist;
				LD_RUNPATH_SEARCH_PATHS = "$(inherited) @executable_path/Frameworks";
				PRODUCT_NAME = "$(TARGET_NAME)";
			};
			name = Release;
		};
		846BBB381F1DDB3400311C22 /* Debug */ = {
			isa = XCBuildConfiguration;
			buildSettings = {
				DEVELOPMENT_TEAM = X6Q9Y9GBJ2;
				INFOPLIST_FILE = BudejieltfUITests/Info.plist;
				LD_RUNPATH_SEARCH_PATHS = "$(inherited) @executable_path/Frameworks @loader_path/Frameworks";
				PRODUCT_NAME = "$(TARGET_NAME)";
				TEST_TARGET_NAME = Budejieltf;
			};
			name = Debug;
		};
		846BBB391F1DDB3400311C22 /* Release */ = {
			isa = XCBuildConfiguration;
			buildSettings = {
				DEVELOPMENT_TEAM = X6Q9Y9GBJ2;
				INFOPLIST_FILE = BudejieltfUITests/Info.plist;
				LD_RUNPATH_SEARCH_PATHS = "$(inherited) @executable_path/Frameworks @loader_path/Frameworks";
				PRODUCT_NAME = "$(TARGET_NAME)";
				TEST_TARGET_NAME = Budejieltf;
			};
			name = Release;
		};
/* End XCBuildConfiguration section */

/* Begin XCConfigurationList section */
		846BBB0D1F1DDB3400311C22 /* Build configuration list for PBXProject "Budejieltf" */ = {
			isa = XCConfigurationList;
			buildConfigurations = (
				846BBB321F1DDB3400311C22 /* Debug */,
				846BBB331F1DDB3400311C22 /* Release */,
			);
			defaultConfigurationIsVisible = 0;
			defaultConfigurationName = Release;
		};
		846BBB341F1DDB3400311C22 /* Build configuration list for PBXNativeTarget "Budejieltf" */ = {
			isa = XCConfigurationList;
			buildConfigurations = (
				846BBB351F1DDB3400311C22 /* Debug */,
				846BBB361F1DDB3400311C22 /* Release */,
			);
			defaultConfigurationIsVisible = 0;
			defaultConfigurationName = Release;
		};
		846BBB371F1DDB3400311C22 /* Build configuration list for PBXNativeTarget "BudejieltfUITests" */ = {
			isa = XCConfigurationList;
			buildConfigurations = (
				846BBB381F1DDB3400311C22 /* Debug */,
				846BBB391F1DDB3400311C22 /* Release */,
			);
			defaultConfigurationIsVisible = 0;
			defaultConfigurationName = Release;
		};
/* End XCConfigurationList section */
	};
	rootObject = 846BBB0A1F1DDB3400311C22 /* Project object */;
}
